// !$*UTF8*$!
{
	archiveVersion = 1;
	classes = {
	};
	objectVersion = 56;
	objects = {

/* Begin PBXBuildFile section */
		3A4477E92B265A7D007F3D34 /* Integral_Eyesight_ImprovementApp.swift in Sources */ = {isa = PBXBuildFile; fileRef = 3A4477E82B265A7D007F3D34 /* Integral_Eyesight_ImprovementApp.swift */; };
		3A4477EB2B265A7D007F3D34 /* ContentView.swift in Sources */ = {isa = PBXBuildFile; fileRef = 3A4477EA2B265A7D007F3D34 /* ContentView.swift */; };
		3A4477ED2B265A7F007F3D34 /* Assets.xcassets in Resources */ = {isa = PBXBuildFile; fileRef = 3A4477EC2B265A7F007F3D34 /* Assets.xcassets */; };
		3A4477F02B265A7F007F3D34 /* Preview Assets.xcassets in Resources */ = {isa = PBXBuildFile; fileRef = 3A4477EF2B265A7F007F3D34 /* Preview Assets.xcassets */; };
		3A4477FA2B265A7F007F3D34 /* Integral_Eyesight_ImprovementTests.swift in Sources */ = {isa = PBXBuildFile; fileRef = 3A4477F92B265A7F007F3D34 /* Integral_Eyesight_ImprovementTests.swift */; };
		3A4478042B265A7F007F3D34 /* Integral_Eyesight_ImprovementUITests.swift in Sources */ = {isa = PBXBuildFile; fileRef = 3A4478032B265A7F007F3D34 /* Integral_Eyesight_ImprovementUITests.swift */; };
		3A4478062B265A7F007F3D34 /* Integral_Eyesight_ImprovementUITestsLaunchTests.swift in Sources */ = {isa = PBXBuildFile; fileRef = 3A4478052B265A7F007F3D34 /* Integral_Eyesight_ImprovementUITestsLaunchTests.swift */; };
/* End PBXBuildFile section */

/* Begin PBXContainerItemProxy section */
		3A4477F62B265A7F007F3D34 /* PBXContainerItemProxy */ = {
			isa = PBXContainerItemProxy;
			containerPortal = 3A4477DD2B265A7D007F3D34 /* Project object */;
			proxyType = 1;
			remoteGlobalIDString = 3A4477E42B265A7D007F3D34;
			remoteInfo = "Integral-Eyesight-Improvement";
		};
		3A4478002B265A7F007F3D34 /* PBXContainerItemProxy */ = {
			isa = PBXContainerItemProxy;
			containerPortal = 3A4477DD2B265A7D007F3D34 /* Project object */;
			proxyType = 1;
			remoteGlobalIDString = 3A4477E42B265A7D007F3D34;
			remoteInfo = "Integral-Eyesight-Improvement";
		};
/* End PBXContainerItemProxy section */

/* Begin PBXFileReference section */
		3A4477E52B265A7D007F3D34 /* Integral-Eyesight-Improvement.app */ = {isa = PBXFileReference; explicitFileType = wrapper.application; includeInIndex = 0; path = "Integral-Eyesight-Improvement.app"; sourceTree = BUILT_PRODUCTS_DIR; };
		3A4477E82B265A7D007F3D34 /* Integral_Eyesight_ImprovementApp.swift */ = {isa = PBXFileReference; lastKnownFileType = sourcecode.swift; path = Integral_Eyesight_ImprovementApp.swift; sourceTree = "<group>"; };
		3A4477EA2B265A7D007F3D34 /* ContentView.swift */ = {isa = PBXFileReference; lastKnownFileType = sourcecode.swift; path = ContentView.swift; sourceTree = "<group>"; };
		3A4477EC2B265A7F007F3D34 /* Assets.xcassets */ = {isa = PBXFileReference; lastKnownFileType = folder.assetcatalog; path = Assets.xcassets; sourceTree = "<group>"; };
		3A4477EF2B265A7F007F3D34 /* Preview Assets.xcassets */ = {isa = PBXFileReference; lastKnownFileType = folder.assetcatalog; path = "Preview Assets.xcassets"; sourceTree = "<group>"; };
		3A4477F52B265A7F007F3D34 /* Integral-Eyesight-ImprovementTests.xctest */ = {isa = PBXFileReference; explicitFileType = wrapper.cfbundle; includeInIndex = 0; path = "Integral-Eyesight-ImprovementTests.xctest"; sourceTree = BUILT_PRODUCTS_DIR; };
		3A4477F92B265A7F007F3D34 /* Integral_Eyesight_ImprovementTests.swift */ = {isa = PBXFileReference; lastKnownFileType = sourcecode.swift; path = Integral_Eyesight_ImprovementTests.swift; sourceTree = "<group>"; };
		3A4477FF2B265A7F007F3D34 /* Integral-Eyesight-ImprovementUITests.xctest */ = {isa = PBXFileReference; explicitFileType = wrapper.cfbundle; includeInIndex = 0; path = "Integral-Eyesight-ImprovementUITests.xctest"; sourceTree = BUILT_PRODUCTS_DIR; };
		3A4478032B265A7F007F3D34 /* Integral_Eyesight_ImprovementUITests.swift */ = {isa = PBXFileReference; lastKnownFileType = sourcecode.swift; path = Integral_Eyesight_ImprovementUITests.swift; sourceTree = "<group>"; };
		3A4478052B265A7F007F3D34 /* Integral_Eyesight_ImprovementUITestsLaunchTests.swift */ = {isa = PBXFileReference; lastKnownFileType = sourcecode.swift; path = Integral_Eyesight_ImprovementUITestsLaunchTests.swift; sourceTree = "<group>"; };
/* End PBXFileReference section */

/* Begin PBXFrameworksBuildPhase section */
		3A4477E22B265A7D007F3D34 /* Frameworks */ = {
			isa = PBXFrameworksBuildPhase;
			buildActionMask = 2147483647;
			files = (
			);
			runOnlyForDeploymentPostprocessing = 0;
		};
		3A4477F22B265A7F007F3D34 /* Frameworks */ = {
			isa = PBXFrameworksBuildPhase;
			buildActionMask = 2147483647;
			files = (
			);
			runOnlyForDeploymentPostprocessing = 0;
		};
		3A4477FC2B265A7F007F3D34 /* Frameworks */ = {
			isa = PBXFrameworksBuildPhase;
			buildActionMask = 2147483647;
			files = (
			);
			runOnlyForDeploymentPostprocessing = 0;
		};
/* End PBXFrameworksBuildPhase section */

/* Begin PBXGroup section */
		3A4477DC2B265A7D007F3D34 = {
			isa = PBXGroup;
			children = (
				3A4477E72B265A7D007F3D34 /* Integral-Eyesight-Improvement */,
				3A4477F82B265A7F007F3D34 /* Integral-Eyesight-ImprovementTests */,
				3A4478022B265A7F007F3D34 /* Integral-Eyesight-ImprovementUITests */,
				3A4477E62B265A7D007F3D34 /* Products */,
			);
			sourceTree = "<group>";
		};
		3A4477E62B265A7D007F3D34 /* Products */ = {
			isa = PBXGroup;
			children = (
				3A4477E52B265A7D007F3D34 /* Integral-Eyesight-Improvement.app */,
				3A4477F52B265A7F007F3D34 /* Integral-Eyesight-ImprovementTests.xctest */,
				3A4477FF2B265A7F007F3D34 /* Integral-Eyesight-ImprovementUITests.xctest */,
			);
			name = Products;
			sourceTree = "<group>";
		};
		3A4477E72B265A7D007F3D34 /* Integral-Eyesight-Improvement */ = {
			isa = PBXGroup;
			children = (
				3A4477E82B265A7D007F3D34 /* Integral_Eyesight_ImprovementApp.swift */,
				3A4477EA2B265A7D007F3D34 /* ContentView.swift */,
				3A4477EC2B265A7F007F3D34 /* Assets.xcassets */,
				3A4477EE2B265A7F007F3D34 /* Preview Content */,
			);
			path = "Integral-Eyesight-Improvement";
			sourceTree = "<group>";
		};
		3A4477EE2B265A7F007F3D34 /* Preview Content */ = {
			isa = PBXGroup;
			children = (
				3A4477EF2B265A7F007F3D34 /* Preview Assets.xcassets */,
			);
			path = "Preview Content";
			sourceTree = "<group>";
		};
		3A4477F82B265A7F007F3D34 /* Integral-Eyesight-ImprovementTests */ = {
			isa = PBXGroup;
			children = (
				3A4477F92B265A7F007F3D34 /* Integral_Eyesight_ImprovementTests.swift */,
			);
			path = "Integral-Eyesight-ImprovementTests";
			sourceTree = "<group>";
		};
		3A4478022B265A7F007F3D34 /* Integral-Eyesight-ImprovementUITests */ = {
			isa = PBXGroup;
			children = (
				3A4478032B265A7F007F3D34 /* Integral_Eyesight_ImprovementUITests.swift */,
				3A4478052B265A7F007F3D34 /* Integral_Eyesight_ImprovementUITestsLaunchTests.swift */,
			);
			path = "Integral-Eyesight-ImprovementUITests";
			sourceTree = "<group>";
		};
/* End PBXGroup section */

/* Begin PBXNativeTarget section */
		3A4477E42B265A7D007F3D34 /* Integral-Eyesight-Improvement */ = {
			isa = PBXNativeTarget;
			buildConfigurationList = 3A4478092B265A7F007F3D34 /* Build configuration list for PBXNativeTarget "Integral-Eyesight-Improvement" */;
			buildPhases = (
				3A4477E12B265A7D007F3D34 /* Sources */,
				3A4477E22B265A7D007F3D34 /* Frameworks */,
				3A4477E32B265A7D007F3D34 /* Resources */,
			);
			buildRules = (
			);
			dependencies = (
			);
			name = "Integral-Eyesight-Improvement";
			productName = "Integral-Eyesight-Improvement";
			productReference = 3A4477E52B265A7D007F3D34 /* Integral-Eyesight-Improvement.app */;
			productType = "com.apple.product-type.application";
		};
		3A4477F42B265A7F007F3D34 /* Integral-Eyesight-ImprovementTests */ = {
			isa = PBXNativeTarget;
			buildConfigurationList = 3A44780C2B265A7F007F3D34 /* Build configuration list for PBXNativeTarget "Integral-Eyesight-ImprovementTests" */;
			buildPhases = (
				3A4477F12B265A7F007F3D34 /* Sources */,
				3A4477F22B265A7F007F3D34 /* Frameworks */,
				3A4477F32B265A7F007F3D34 /* Resources */,
			);
			buildRules = (
			);
			dependencies = (
				3A4477F72B265A7F007F3D34 /* PBXTargetDependency */,
			);
			name = "Integral-Eyesight-ImprovementTests";
			productName = "Integral-Eyesight-ImprovementTests";
			productReference = 3A4477F52B265A7F007F3D34 /* Integral-Eyesight-ImprovementTests.xctest */;
			productType = "com.apple.product-type.bundle.unit-test";
		};
		3A4477FE2B265A7F007F3D34 /* Integral-Eyesight-ImprovementUITests */ = {
			isa = PBXNativeTarget;
			buildConfigurationList = 3A44780F2B265A7F007F3D34 /* Build configuration list for PBXNativeTarget "Integral-Eyesight-ImprovementUITests" */;
			buildPhases = (
				3A4477FB2B265A7F007F3D34 /* Sources */,
				3A4477FC2B265A7F007F3D34 /* Frameworks */,
				3A4477FD2B265A7F007F3D34 /* Resources */,
			);
			buildRules = (
			);
			dependencies = (
				3A4478012B265A7F007F3D34 /* PBXTargetDependency */,
			);
			name = "Integral-Eyesight-ImprovementUITests";
			productName = "Integral-Eyesight-ImprovementUITests";
			productReference = 3A4477FF2B265A7F007F3D34 /* Integral-Eyesight-ImprovementUITests.xctest */;
			productType = "com.apple.product-type.bundle.ui-testing";
		};
/* End PBXNativeTarget section */

/* Begin PBXProject section */
		3A4477DD2B265A7D007F3D34 /* Project object */ = {
			isa = PBXProject;
			attributes = {
				BuildIndependentTargetsInParallel = 1;
				LastSwiftUpdateCheck = 1500;
				LastUpgradeCheck = 1500;
				TargetAttributes = {
					3A4477E42B265A7D007F3D34 = {
						CreatedOnToolsVersion = 15.0.1;
					};
					3A4477F42B265A7F007F3D34 = {
						CreatedOnToolsVersion = 15.0.1;
						TestTargetID = 3A4477E42B265A7D007F3D34;
					};
					3A4477FE2B265A7F007F3D34 = {
						CreatedOnToolsVersion = 15.0.1;
						TestTargetID = 3A4477E42B265A7D007F3D34;
					};
				};
			};
			buildConfigurationList = 3A4477E02B265A7D007F3D34 /* Build configuration list for PBXProject "Integral-Eyesight-Improvement" */;
			compatibilityVersion = "Xcode 14.0";
			developmentRegion = en;
			hasScannedForEncodings = 0;
			knownRegions = (
				en,
				Base,
			);
			mainGroup = 3A4477DC2B265A7D007F3D34;
			productRefGroup = 3A4477E62B265A7D007F3D34 /* Products */;
			projectDirPath = "";
			projectRoot = "";
			targets = (
				3A4477E42B265A7D007F3D34 /* Integral-Eyesight-Improvement */,
				3A4477F42B265A7F007F3D34 /* Integral-Eyesight-ImprovementTests */,
				3A4477FE2B265A7F007F3D34 /* Integral-Eyesight-ImprovementUITests */,
			);
		};
/* End PBXProject section */

/* Begin PBXResourcesBuildPhase section */
		3A4477E32B265A7D007F3D34 /* Resources */ = {
			isa = PBXResourcesBuildPhase;
			buildActionMask = 2147483647;
			files = (
				3A4477F02B265A7F007F3D34 /* Preview Assets.xcassets in Resources */,
				3A4477ED2B265A7F007F3D34 /* Assets.xcassets in Resources */,
			);
			runOnlyForDeploymentPostprocessing = 0;
		};
		3A4477F32B265A7F007F3D34 /* Resources */ = {
			isa = PBXResourcesBuildPhase;
			buildActionMask = 2147483647;
			files = (
			);
			runOnlyForDeploymentPostprocessing = 0;
		};
		3A4477FD2B265A7F007F3D34 /* Resources */ = {
			isa = PBXResourcesBuildPhase;
			buildActionMask = 2147483647;
			files = (
			);
			runOnlyForDeploymentPostprocessing = 0;
		};
/* End PBXResourcesBuildPhase section */

/* Begin PBXSourcesBuildPhase section */
		3A4477E12B265A7D007F3D34 /* Sources */ = {
			isa = PBXSourcesBuildPhase;
			buildActionMask = 2147483647;
			files = (
				3A4477EB2B265A7D007F3D34 /* ContentView.swift in Sources */,
				3A4477E92B265A7D007F3D34 /* Integral_Eyesight_ImprovementApp.swift in Sources */,
			);
			runOnlyForDeploymentPostprocessing = 0;
		};
		3A4477F12B265A7F007F3D34 /* Sources */ = {
			isa = PBXSourcesBuildPhase;
			buildActionMask = 2147483647;
			files = (
				3A4477FA2B265A7F007F3D34 /* Integral_Eyesight_ImprovementTests.swift in Sources */,
			);
			runOnlyForDeploymentPostprocessing = 0;
		};
		3A4477FB2B265A7F007F3D34 /* Sources */ = {
			isa = PBXSourcesBuildPhase;
			buildActionMask = 2147483647;
			files = (
				3A4478042B265A7F007F3D34 /* Integral_Eyesight_ImprovementUITests.swift in Sources */,
				3A4478062B265A7F007F3D34 /* Integral_Eyesight_ImprovementUITestsLaunchTests.swift in Sources */,
			);
			runOnlyForDeploymentPostprocessing = 0;
		};
/* End PBXSourcesBuildPhase section */

/* Begin PBXTargetDependency section */
		3A4477F72B265A7F007F3D34 /* PBXTargetDependency */ = {
			isa = PBXTargetDependency;
			target = 3A4477E42B265A7D007F3D34 /* Integral-Eyesight-Improvement */;
			targetProxy = 3A4477F62B265A7F007F3D34 /* PBXContainerItemProxy */;
		};
		3A4478012B265A7F007F3D34 /* PBXTargetDependency */ = {
			isa = PBXTargetDependency;
			target = 3A4477E42B265A7D007F3D34 /* Integral-Eyesight-Improvement */;
			targetProxy = 3A4478002B265A7F007F3D34 /* PBXContainerItemProxy */;
		};
/* End PBXTargetDependency section */

/* Begin XCBuildConfiguration section */
		3A4478072B265A7F007F3D34 /* Debug */ = {
			isa = XCBuildConfiguration;
			buildSettings = {
				ALWAYS_SEARCH_USER_PATHS = NO;
				ASSETCATALOG_COMPILER_GENERATE_SWIFT_ASSET_SYMBOL_EXTENSIONS = YES;
				CLANG_ANALYZER_NONNULL = YES;
				CLANG_ANALYZER_NUMBER_OBJECT_CONVERSION = YES_AGGRESSIVE;
				CLANG_CXX_LANGUAGE_STANDARD = "gnu++20";
				CLANG_ENABLE_MODULES = YES;
				CLANG_ENABLE_OBJC_ARC = YES;
				CLANG_ENABLE_OBJC_WEAK = YES;
				CLANG_WARN_BLOCK_CAPTURE_AUTORELEASING = YES;
				CLANG_WARN_BOOL_CONVERSION = YES;
				CLANG_WARN_COMMA = YES;
				CLANG_WARN_CONSTANT_CONVERSION = YES;
				CLANG_WARN_DEPRECATED_OBJC_IMPLEMENTATIONS = YES;
				CLANG_WARN_DIRECT_OBJC_ISA_USAGE = YES_ERROR;
				CLANG_WARN_DOCUMENTATION_COMMENTS = YES;
				CLANG_WARN_EMPTY_BODY = YES;
				CLANG_WARN_ENUM_CONVERSION = YES;
				CLANG_WARN_INFINITE_RECURSION = YES;
				CLANG_WARN_INT_CONVERSION = YES;
				CLANG_WARN_NON_LITERAL_NULL_CONVERSION = YES;
				CLANG_WARN_OBJC_IMPLICIT_RETAIN_SELF = YES;
				CLANG_WARN_OBJC_LITERAL_CONVERSION = YES;
				CLANG_WARN_OBJC_ROOT_CLASS = YES_ERROR;
				CLANG_WARN_QUOTED_INCLUDE_IN_FRAMEWORK_HEADER = YES;
				CLANG_WARN_RANGE_LOOP_ANALYSIS = YES;
				CLANG_WARN_STRICT_PROTOTYPES = YES;
				CLANG_WARN_SUSPICIOUS_MOVE = YES;
				CLANG_WARN_UNGUARDED_AVAILABILITY = YES_AGGRESSIVE;
				CLANG_WARN_UNREACHABLE_CODE = YES;
				CLANG_WARN__DUPLICATE_METHOD_MATCH = YES;
				COPY_PHASE_STRIP = NO;
				DEBUG_INFORMATION_FORMAT = dwarf;
				ENABLE_STRICT_OBJC_MSGSEND = YES;
				ENABLE_TESTABILITY = YES;
				ENABLE_USER_SCRIPT_SANDBOXING = YES;
				GCC_C_LANGUAGE_STANDARD = gnu17;
				GCC_DYNAMIC_NO_PIC = NO;
				GCC_NO_COMMON_BLOCKS = YES;
				GCC_OPTIMIZATION_LEVEL = 0;
				GCC_PREPROCESSOR_DEFINITIONS = (
					"DEBUG=1",
					"$(inherited)",
				);
				GCC_WARN_64_TO_32_BIT_CONVERSION = YES;
				GCC_WARN_ABOUT_RETURN_TYPE = YES_ERROR;
				GCC_WARN_UNDECLARED_SELECTOR = YES;
				GCC_WARN_UNINITIALIZED_AUTOS = YES_AGGRESSIVE;
				GCC_WARN_UNUSED_FUNCTION = YES;
				GCC_WARN_UNUSED_VARIABLE = YES;
				IPHONEOS_DEPLOYMENT_TARGET = 17.0;
				LOCALIZATION_PREFERS_STRING_CATALOGS = YES;
				MTL_ENABLE_DEBUG_INFO = INCLUDE_SOURCE;
				MTL_FAST_MATH = YES;
				ONLY_ACTIVE_ARCH = YES;
				SDKROOT = iphoneos;
				SWIFT_ACTIVE_COMPILATION_CONDITIONS = "DEBUG $(inherited)";
				SWIFT_OPTIMIZATION_LEVEL = "-Onone";
			};
			name = Debug;
		};
		3A4478082B265A7F007F3D34 /* Release */ = {
			isa = XCBuildConfiguration;
			buildSettings = {
				ALWAYS_SEARCH_USER_PATHS = NO;
				ASSETCATALOG_COMPILER_GENERATE_SWIFT_ASSET_SYMBOL_EXTENSIONS = YES;
				CLANG_ANALYZER_NONNULL = YES;
				CLANG_ANALYZER_NUMBER_OBJECT_CONVERSION = YES_AGGRESSIVE;
				CLANG_CXX_LANGUAGE_STANDARD = "gnu++20";
				CLANG_ENABLE_MODULES = YES;
				CLANG_ENABLE_OBJC_ARC = YES;
				CLANG_ENABLE_OBJC_WEAK = YES;
				CLANG_WARN_BLOCK_CAPTURE_AUTORELEASING = YES;
				CLANG_WARN_BOOL_CONVERSION = YES;
				CLANG_WARN_COMMA = YES;
				CLANG_WARN_CONSTANT_CONVERSION = YES;
				CLANG_WARN_DEPRECATED_OBJC_IMPLEMENTATIONS = YES;
				CLANG_WARN_DIRECT_OBJC_ISA_USAGE = YES_ERROR;
				CLANG_WARN_DOCUMENTATION_COMMENTS = YES;
				CLANG_WARN_EMPTY_BODY = YES;
				CLANG_WARN_ENUM_CONVERSION = YES;
				CLANG_WARN_INFINITE_RECURSION = YES;
				CLANG_WARN_INT_CONVERSION = YES;
				CLANG_WARN_NON_LITERAL_NULL_CONVERSION = YES;
				CLANG_WARN_OBJC_IMPLICIT_RETAIN_SELF = YES;
				CLANG_WARN_OBJC_LITERAL_CONVERSION = YES;
				CLANG_WARN_OBJC_ROOT_CLASS = YES_ERROR;
				CLANG_WARN_QUOTED_INCLUDE_IN_FRAMEWORK_HEADER = YES;
				CLANG_WARN_RANGE_LOOP_ANALYSIS = YES;
				CLANG_WARN_STRICT_PROTOTYPES = YES;
				CLANG_WARN_SUSPICIOUS_MOVE = YES;
				CLANG_WARN_UNGUARDED_AVAILABILITY = YES_AGGRESSIVE;
				CLANG_WARN_UNREACHABLE_CODE = YES;
				CLANG_WARN__DUPLICATE_METHOD_MATCH = YES;
				COPY_PHASE_STRIP = NO;
				DEBUG_INFORMATION_FORMAT = "dwarf-with-dsym";
				ENABLE_NS_ASSERTIONS = NO;
				ENABLE_STRICT_OBJC_MSGSEND = YES;
				ENABLE_USER_SCRIPT_SANDBOXING = YES;
				GCC_C_LANGUAGE_STANDARD = gnu17;
				GCC_NO_COMMON_BLOCKS = YES;
				GCC_WARN_64_TO_32_BIT_CONVERSION = YES;
				GCC_WARN_ABOUT_RETURN_TYPE = YES_ERROR;
				GCC_WARN_UNDECLARED_SELECTOR = YES;
				GCC_WARN_UNINITIALIZED_AUTOS = YES_AGGRESSIVE;
				GCC_WARN_UNUSED_FUNCTION = YES;
				GCC_WARN_UNUSED_VARIABLE = YES;
				IPHONEOS_DEPLOYMENT_TARGET = 17.0;
				LOCALIZATION_PREFERS_STRING_CATALOGS = YES;
				MTL_ENABLE_DEBUG_INFO = NO;
				MTL_FAST_MATH = YES;
				SDKROOT = iphoneos;
				SWIFT_COMPILATION_MODE = wholemodule;
				VALIDATE_PRODUCT = YES;
			};
			name = Release;
		};
		3A44780A2B265A7F007F3D34 /* Debug */ = {
			isa = XCBuildConfiguration;
			buildSettings = {
				ASSETCATALOG_COMPILER_APPICON_NAME = AppIcon;
				ASSETCATALOG_COMPILER_GLOBAL_ACCENT_COLOR_NAME = AccentColor;
				CODE_SIGN_STYLE = Automatic;
				CURRENT_PROJECT_VERSION = 1;
				DEVELOPMENT_ASSET_PATHS = "\"Integral-Eyesight-Improvement/Preview Content\"";
				DEVELOPMENT_TEAM = CYXRBAH78L;
				ENABLE_PREVIEWS = YES;
				GENERATE_INFOPLIST_FILE = YES;
				INFOPLIST_KEY_UIApplicationSceneManifest_Generation = YES;
				INFOPLIST_KEY_UIApplicationSupportsIndirectInputEvents = YES;
				INFOPLIST_KEY_UILaunchScreen_Generation = YES;
				INFOPLIST_KEY_UISupportedInterfaceOrientations_iPad = "UIInterfaceOrientationPortrait UIInterfaceOrientationPortraitUpsideDown UIInterfaceOrientationLandscapeLeft UIInterfaceOrientationLandscapeRight";
				INFOPLIST_KEY_UISupportedInterfaceOrientations_iPhone = "UIInterfaceOrientationPortrait UIInterfaceOrientationLandscapeLeft UIInterfaceOrientationLandscapeRight";
				LD_RUNPATH_SEARCH_PATHS = (
					"$(inherited)",
					"@executable_path/Frameworks",
				);
				MARKETING_VERSION = 1.0;
				PRODUCT_BUNDLE_IDENTIFIER = "com.integraleyesight.Integral-Eyesight-Improvement";
				PRODUCT_NAME = "$(TARGET_NAME)";
				SWIFT_EMIT_LOC_STRINGS = YES;
				SWIFT_VERSION = 5.0;
				TARGETED_DEVICE_FAMILY = "1,2";
			};
			name = Debug;
		};
		3A44780B2B265A7F007F3D34 /* Release */ = {
			isa = XCBuildConfiguration;
			buildSettings = {
				ASSETCATALOG_COMPILER_APPICON_NAME = AppIcon;
				ASSETCATALOG_COMPILER_GLOBAL_ACCENT_COLOR_NAME = AccentColor;
				CODE_SIGN_STYLE = Automatic;
				CURRENT_PROJECT_VERSION = 1;
				DEVELOPMENT_ASSET_PATHS = "\"Integral-Eyesight-Improvement/Preview Content\"";
				DEVELOPMENT_TEAM = CYXRBAH78L;
				ENABLE_PREVIEWS = YES;
				GENERATE_INFOPLIST_FILE = YES;
				INFOPLIST_KEY_UIApplicationSceneManifest_Generation = YES;
				INFOPLIST_KEY_UIApplicationSupportsIndirectInputEvents = YES;
				INFOPLIST_KEY_UILaunchScreen_Generation = YES;
				INFOPLIST_KEY_UISupportedInterfaceOrientations_iPad = "UIInterfaceOrientationPortrait UIInterfaceOrientationPortraitUpsideDown UIInterfaceOrientationLandscapeLeft UIInterfaceOrientationLandscapeRight";
				INFOPLIST_KEY_UISupportedInterfaceOrientations_iPhone = "UIInterfaceOrientationPortrait UIInterfaceOrientationLandscapeLeft UIInterfaceOrientationLandscapeRight";
				LD_RUNPATH_SEARCH_PATHS = (
					"$(inherited)",
					"@executable_path/Frameworks",
				);
				MARKETING_VERSION = 1.0;
				PRODUCT_BUNDLE_IDENTIFIER = "com.integraleyesight.Integral-Eyesight-Improvement";
				PRODUCT_NAME = "$(TARGET_NAME)";
				SWIFT_EMIT_LOC_STRINGS = YES;
				SWIFT_VERSION = 5.0;
				TARGETED_DEVICE_FAMILY = "1,2";
			};
			name = Release;
		};
		3A44780D2B265A7F007F3D34 /* Debug */ = {
			isa = XCBuildConfiguration;
			buildSettings = {
				ALWAYS_EMBED_SWIFT_STANDARD_LIBRARIES = YES;
				BUNDLE_LOADER = "$(TEST_HOST)";
				CODE_SIGN_STYLE = Automatic;
				CURRENT_PROJECT_VERSION = 1;
				DEVELOPMENT_TEAM = CYXRBAH78L;
				GENERATE_INFOPLIST_FILE = YES;
				IPHONEOS_DEPLOYMENT_TARGET = 17.0;
				MARKETING_VERSION = 1.0;
				PRODUCT_BUNDLE_IDENTIFIER = "com.integraleyesight.Integral-Eyesight-ImprovementTests";
				PRODUCT_NAME = "$(TARGET_NAME)";
				SWIFT_EMIT_LOC_STRINGS = NO;
				SWIFT_VERSION = 5.0;
				TARGETED_DEVICE_FAMILY = "1,2";
				TEST_HOST = "$(BUILT_PRODUCTS_DIR)/Integral-Eyesight-Improvement.app/$(BUNDLE_EXECUTABLE_FOLDER_PATH)/Integral-Eyesight-Improvement";
			};
			name = Debug;
		};
		3A44780E2B265A7F007F3D34 /* Release */ = {
			isa = XCBuildConfiguration;
			buildSettings = {
				ALWAYS_EMBED_SWIFT_STANDARD_LIBRARIES = YES;
				BUNDLE_LOADER = "$(TEST_HOST)";
				CODE_SIGN_STYLE = Automatic;
				CURRENT_PROJECT_VERSION = 1;
				DEVELOPMENT_TEAM = CYXRBAH78L;
				GENERATE_INFOPLIST_FILE = YES;
				IPHONEOS_DEPLOYMENT_TARGET = 17.0;
				MARKETING_VERSION = 1.0;
				PRODUCT_BUNDLE_IDENTIFIER = "com.integraleyesight.Integral-Eyesight-ImprovementTests";
				PRODUCT_NAME = "$(TARGET_NAME)";
				SWIFT_EMIT_LOC_STRINGS = NO;
				SWIFT_VERSION = 5.0;
				TARGETED_DEVICE_FAMILY = "1,2";
				TEST_HOST = "$(BUILT_PRODUCTS_DIR)/Integral-Eyesight-Improvement.app/$(BUNDLE_EXECUTABLE_FOLDER_PATH)/Integral-Eyesight-Improvement";
			};
			name = Release;
		};
		3A4478102B265A7F007F3D34 /* Debug */ = {
			isa = XCBuildConfiguration;
			buildSettings = {
				ALWAYS_EMBED_SWIFT_STANDARD_LIBRARIES = YES;
				CODE_SIGN_STYLE = Automatic;
				CURRENT_PROJECT_VERSION = 1;
				DEVELOPMENT_TEAM = CYXRBAH78L;
				GENERATE_INFOPLIST_FILE = YES;
				MARKETING_VERSION = 1.0;
				PRODUCT_BUNDLE_IDENTIFIER = "com.integraleyesight.Integral-Eyesight-ImprovementUITests";
				PRODUCT_NAME = "$(TARGET_NAME)";
				SWIFT_EMIT_LOC_STRINGS = NO;
				SWIFT_VERSION = 5.0;
				TARGETED_DEVICE_FAMILY = "1,2";
				TEST_TARGET_NAME = "Integral-Eyesight-Improvement";
			};
			name = Debug;
		};
		3A4478112B265A7F007F3D34 /* Release */ = {
			isa = XCBuildConfiguration;
			buildSettings = {
				ALWAYS_EMBED_SWIFT_STANDARD_LIBRARIES = YES;
				CODE_SIGN_STYLE = Automatic;
				CURRENT_PROJECT_VERSION = 1;
				DEVELOPMENT_TEAM = CYXRBAH78L;
				GENERATE_INFOPLIST_FILE = YES;
				MARKETING_VERSION = 1.0;
				PRODUCT_BUNDLE_IDENTIFIER = "com.integraleyesight.Integral-Eyesight-ImprovementUITests";
				PRODUCT_NAME = "$(TARGET_NAME)";
				SWIFT_EMIT_LOC_STRINGS = NO;
				SWIFT_VERSION = 5.0;
				TARGETED_DEVICE_FAMILY = "1,2";
				TEST_TARGET_NAME = "Integral-Eyesight-Improvement";
			};
			name = Release;
		};
/* End XCBuildConfiguration section */

/* Begin XCConfigurationList section */
		3A4477E02B265A7D007F3D34 /* Build configuration list for PBXProject "Integral-Eyesight-Improvement" */ = {
			isa = XCConfigurationList;
			buildConfigurations = (
				3A4478072B265A7F007F3D34 /* Debug */,
				3A4478082B265A7F007F3D34 /* Release */,
			);
			defaultConfigurationIsVisible = 0;
			defaultConfigurationName = Release;
		};
		3A4478092B265A7F007F3D34 /* Build configuration list for PBXNativeTarget "Integral-Eyesight-Improvement" */ = {
			isa = XCConfigurationList;
			buildConfigurations = (
				3A44780A2B265A7F007F3D34 /* Debug */,
				3A44780B2B265A7F007F3D34 /* Release */,
			);
			defaultConfigurationIsVisible = 0;
			defaultConfigurationName = Release;
		};
		3A44780C2B265A7F007F3D34 /* Build configuration list for PBXNativeTarget "Integral-Eyesight-ImprovementTests" */ = {
			isa = XCConfigurationList;
			buildConfigurations = (
				3A44780D2B265A7F007F3D34 /* Debug */,
				3A44780E2B265A7F007F3D34 /* Release */,
			);
			defaultConfigurationIsVisible = 0;
			defaultConfigurationName = Release;
		};
		3A44780F2B265A7F007F3D34 /* Build configuration list for PBXNativeTarget "Integral-Eyesight-ImprovementUITests" */ = {
			isa = XCConfigurationList;
			buildConfigurations = (
				3A4478102B265A7F007F3D34 /* Debug */,
				3A4478112B265A7F007F3D34 /* Release */,
			);
			defaultConfigurationIsVisible = 0;
			defaultConfigurationName = Release;
		};
/* End XCConfigurationList section */
	};
	rootObject = 3A4477DD2B265A7D007F3D34 /* Project object */;
}
